
Microsoft Visual Studio Solution File, Format Version 12.00
# Visual Studio Version 16
VisualStudioVersion = 16.0.31313.79
MinimumVisualStudioVersion = 10.0.40219.1
Project("{FAE04EC0-301F-11D3-BF4B-00C04F79EFBC}") = "ReportTest1", "ReportTest1\ReportTest1.csproj", "{26ECEF36-FB7C-42A7-B77E-8E638BC371F2}"
EndProject
Global
	GlobalSection(SolutionConfigurationPlatforms) = preSolution
		Debug|Any CPU = Debug|Any CPU
		Release|Any CPU = Release|Any CPU
	EndGlobalSection
	GlobalSection(ProjectConfigurationPlatforms) = postSolution
		{26ECEF36-FB7C-42A7-B77E-8E638BC371F2}.Debug|Any CPU.ActiveCfg = Debug|Any CPU
		{26ECEF36-FB7C-42A7-B77E-8E638BC371F2}.Debug|Any CPU.Build.0 = Debug|Any CPU
		{26ECEF36-FB7C-42A7-B77E-8E638BC371F2}.Release|Any CPU.ActiveCfg = Release|Any CPU
		{26ECEF36-FB7C-42A7-B77E-8E638BC371F2}.Release|Any CPU.Build.0 = Release|Any CPU
	EndGlobalSection
	GlobalSection(SolutionProperties) = preSolution
		HideSolutionNode = FALSE
	EndGlobalSection
	GlobalSection(ExtensibilityGlobals) = postSolution
		SolutionGuid = {982FEA6D-81FF-442A-B621-AAD455895906}
	EndGlobalSection
EndGlobal
